{
  "nodes": {
    "garnix-lib": {
      "inputs": {
        "nixpkgs": "nixpkgs"
      },
      "locked": {
        "lastModified": 1744728829,
        "narHash": "sha256-AgeSAV7IsDIVKZF4Gbf8A88cLamyd0hhEQ6Q25FA1d8=",
        "owner": "garnix-io",
        "repo": "garnix-lib",
        "rev": "d3f3a98a0baddb3bdc6e0d028d1b58251a1d86f5",
        "type": "github"
      },
      "original": {
        "owner": "garnix-io",
        "repo": "garnix-lib",
        "type": "github"
      }
    },
    "nixpkgs": {
      "locked": {
        "lastModified": 1737569578,
        "narHash": "sha256-6qY0pk2QmUtBT9Mywdvif0i/CLVgpCjMUn6g9vB+f3M=",
        "owner": "NixOS",
        "repo": "nixpkgs",
        "rev": "47addd76727f42d351590c905d9d1905ca895b82",
        "type": "github"
      },
      "original": {
        "owner": "NixOS",
        "ref": "nixos-24.11",
        "repo": "nixpkgs",
        "type": "github"
      }
    },
    "root": {
      "inputs": {
        "garnix-lib": "garnix-lib"
      }
    }
  },
  "root": "root",
  "version": 7
}
